<?xml version="1.0" encoding="utf-8"?>
<Project ToolsVersion="4.0" xmlns="http://schemas.microsoft.com/developer/msbuild/2003">
  <ItemGroup>
    <Filter Include="Source Files">
      <UniqueIdentifier>{4FC737F1-C7A5-4376-A066-2A32D752A2FF}</UniqueIdentifier>
      <Extensions>cpp;c;cc;cxx;c++;cppm;ixx;def;odl;idl;hpj;bat;asm;asmx</Extensions>
    </Filter>
    <Filter Include="Header Files">
      <UniqueIdentifier>{93995380-89BD-4b04-88EB-625FBE52EBFB}</UniqueIdentifier>
      <Extensions>h;hh;hpp;hxx;h++;hm;inl;inc;ipp;xsd</Extensions>
    </Filter>
    <Filter Include="Resource Files">
      <UniqueIdentifier>{67DA6AB6-F800-4c08-8B7A-83BB121AAD01}</UniqueIdentifier>
      <Extensions>rc;ico;cur;bmp;dlg;rc2;rct;bin;rgs;gif;jpg;jpeg;jpe;resx;tiff;tif;png;wav;mfcribbon-ms</Extensions>
    </Filter>
    <Filter Include="Shaders">
      <UniqueIdentifier>{71b3f8db-bc86-4ce9-8b59-166d6358c500}</UniqueIdentifier>
    </Filter>
    <Filter Include="Textures">
      <UniqueIdentifier>{78fc3dc6-00a3-49ab-a941-93537a2e7fab}</UniqueIdentifier>
    </Filter>
  </ItemGroup>
  <ItemGroup>
    <ClCompile Include="Novox.cpp">
      <Filter>Source Files</Filter>
    </ClCompile>
    <ClCompile Include="src\glad.c">
      <Filter>Source Files</Filter>
    </ClCompile>
    <ClCompile Include="src\game.cpp">
      <Filter>Source Files</Filter>
    </ClCompile>
    <ClCompile Include="src\rendering.cpp">
      <Filter>Source Files</Filter>
    </ClCompile>
    <ClCompile Include="src\world.cpp">
      <Filter>Source Files</Filter>
    </ClCompile>
    <ClCompile Include="src\block.cpp">
      <Filter>Source Files</Filter>
    </ClCompile>
    <ClCompile Include="src\player.cpp">
      <Filter>Source Files</Filter>
    </ClCompile>
    <ClCompile Include="src\mesh.cpp">
      <Filter>Source Files</Filter>
    </ClCompile>
    <ClCompile Include="src\stb_image.c">
      <Filter>Source Files</Filter>
    </ClCompile>
  </ItemGroup>
  <ItemGroup>
    <ClInclude Include="novox\game.h">
      <Filter>Header Files</Filter>
    </ClInclude>
    <ClInclude Include="novox\rendering.h">
      <Filter>Header Files</Filter>
    </ClInclude>
    <ClInclude Include="novox\world.h">
      <Filter>Header Files</Filter>
    </ClInclude>
    <ClInclude Include="novox\util.h">
      <Filter>Header Files</Filter>
    </ClInclude>
    <ClInclude Include="novox\block.h">
      <Filter>Header Files</Filter>
    </ClInclude>
    <ClInclude Include="novox\player.h">
      <Filter>Header Files</Filter>
    </ClInclude>
    <ClInclude Include="novox\mesh.h">
      <Filter>Header Files</Filter>
    </ClInclude>
  </ItemGroup>
  <ItemGroup>
    <None Include="shaders\LightSource.vert">
      <Filter>Shaders</Filter>
    </None>
    <None Include="shaders\LightingShader.frag">
      <Filter>Shaders</Filter>
    </None>
    <None Include="shaders\LightingShader.vert">
      <Filter>Shaders</Filter>
    </None>
    <None Include="shaders\LightSource.frag">
      <Filter>Shaders</Filter>
    </None>
    <None Include="shaders\SpriteShader.vert" />
    <None Include="shaders\SpriteShader.frag" />
  </ItemGroup>
  <ItemGroup>
    <Image Include="textures\TextureAtlas.png">
      <Filter>Textures</Filter>
    </Image>
    <Image Include="textures\Crosshair.png">
      <Filter>Textures</Filter>
    </Image>
  </ItemGroup>
</Project>